{
  "name": "ordinalSuffixTest",
  "lockfileVersion": 2,
  "requires": true,
  "packages": {
    "": {
      "dependencies": {
        "lissa-ordinal-suffix": "^1.0.0"
      }
    },
    "node_modules/lissa-ordinal-suffix": {
      "version": "1.0.0",
      "resolved": "https://registry.npmjs.org/lissa-ordinal-suffix/-/lissa-ordinal-suffix-1.0.0.tgz",
      "integrity": "sha512-7+uC90eVLYTA0ckqCpWgPnuwOH1+xayUpX3itbWr65WFdJaycL8ZqQpZabBheZll0PU3ImWXQbgKHgRAhHNCzQ=="
    }
  },
  "dependencies": {
    "lissa-ordinal-suffix": {
      "version": "1.0.0",
      "resolved": "https://registry.npmjs.org/lissa-ordinal-suffix/-/lissa-ordinal-suffix-1.0.0.tgz",
      "integrity": "sha512-7+uC90eVLYTA0ckqCpWgPnuwOH1+xayUpX3itbWr65WFdJaycL8ZqQpZabBheZll0PU3ImWXQbgKHgRAhHNCzQ=="
    }
  }
}
